
Microsoft Visual Studio Solution File, Format Version 12.00
# Visual Studio Version 16
VisualStudioVersion = 16.0.33214.272
MinimumVisualStudioVersion = 10.0.40219.1
Project("{FAE04EC0-301F-11D3-BF4B-00C04F79EFBC}") = "BankingApi", "BankingApi\BankingApi.csproj", "{47A296FF-C574-45F6-861E-FC575F527480}"
EndProject
Global
	GlobalSection(SolutionConfigurationPlatforms) = preSolution
		Debug|Any CPU = Debug|Any CPU
		Release|Any CPU = Release|Any CPU
	EndGlobalSection
	GlobalSection(ProjectConfigurationPlatforms) = postSolution
		{47A296FF-C574-45F6-861E-FC575F527480}.Debug|Any CPU.ActiveCfg = Debug|Any CPU
		{47A296FF-C574-45F6-861E-FC575F527480}.Debug|Any CPU.Build.0 = Debug|Any CPU
		{47A296FF-C574-45F6-861E-FC575F527480}.Release|Any CPU.ActiveCfg = Release|Any CPU
		{47A296FF-C574-45F6-861E-FC575F527480}.Release|Any CPU.Build.0 = Release|Any CPU
	EndGlobalSection
	GlobalSection(SolutionProperties) = preSolution
		HideSolutionNode = FALSE
	EndGlobalSection
	GlobalSection(ExtensibilityGlobals) = postSolution
		SolutionGuid = {7EB32D78-1084-4B21-B09B-24445E89DE1D}
	EndGlobalSection
EndGlobal
